
Microsoft Visual Studio Solution File, Format Version 12.00
# Visual Studio Version 17
VisualStudioVersion = 17.10.35027.167
MinimumVisualStudioVersion = 10.0.40219.1
Project("{FAE04EC0-301F-11D3-BF4B-00C04F79EFBC}") = "PricingTool Front end", "PricingTool Front end\PricingTool Front end.csproj", "{DDEF62F4-3F5A-4B8B-90A8-398281D6AD22}"
EndProject
Global
	GlobalSection(SolutionConfigurationPlatforms) = preSolution
		Debug|Any CPU = Debug|Any CPU
		Release|Any CPU = Release|Any CPU
	EndGlobalSection
	GlobalSection(ProjectConfigurationPlatforms) = postSolution
		{DDEF62F4-3F5A-4B8B-90A8-398281D6AD22}.Debug|Any CPU.ActiveCfg = Debug|Any CPU
		{DDEF62F4-3F5A-4B8B-90A8-398281D6AD22}.Debug|Any CPU.Build.0 = Debug|Any CPU
		{DDEF62F4-3F5A-4B8B-90A8-398281D6AD22}.Release|Any CPU.ActiveCfg = Release|Any CPU
		{DDEF62F4-3F5A-4B8B-90A8-398281D6AD22}.Release|Any CPU.Build.0 = Release|Any CPU
	EndGlobalSection
	GlobalSection(SolutionProperties) = preSolution
		HideSolutionNode = FALSE
	EndGlobalSection
	GlobalSection(ExtensibilityGlobals) = postSolution
		SolutionGuid = {D5D5DC45-6A5D-492F-B419-499BC2B4599D}
	EndGlobalSection
EndGlobal
